
Microsoft Visual Studio Solution File, Format Version 12.00
# Visual Studio Version 16
Project("{8BC9CEB8-8B4A-11D0-8D11-00A0C91BC942}") = "ALL_BUILD", "ALL_BUILD.vcxproj", "{7FEA6A7D-F2A3-3515-8544-3B73A98A5303}"
	ProjectSection(ProjectDependencies) = postProject
		{64ACC5E5-E107-37F6-A0FA-0DA530F18A53} = {64ACC5E5-E107-37F6-A0FA-0DA530F18A53}
		{0E47443C-528A-3E39-BD4B-F797DEAA89F2} = {0E47443C-528A-3E39-BD4B-F797DEAA89F2}
	EndProjectSection
EndProject
Project("{8BC9CEB8-8B4A-11D0-8D11-00A0C91BC942}") = "ZERO_CHECK", "ZERO_CHECK.vcxproj", "{64ACC5E5-E107-37F6-A0FA-0DA530F18A53}"
	ProjectSection(ProjectDependencies) = postProject
	EndProjectSection
EndProject
Project("{8BC9CEB8-8B4A-11D0-8D11-00A0C91BC942}") = "imported", "imported.vcxproj", "{5683749F-D2C5-3D8E-90CC-E576B8178D3A}"
	ProjectSection(ProjectDependencies) = postProject
		{64ACC5E5-E107-37F6-A0FA-0DA530F18A53} = {64ACC5E5-E107-37F6-A0FA-0DA530F18A53}
	EndProjectSection
EndProject
Project("{8BC9CEB8-8B4A-11D0-8D11-00A0C91BC942}") = "main", "main.vcxproj", "{0E47443C-528A-3E39-BD4B-F797DEAA89F2}"
	ProjectSection(ProjectDependencies) = postProject
		{64ACC5E5-E107-37F6-A0FA-0DA530F18A53} = {64ACC5E5-E107-37F6-A0FA-0DA530F18A53}
		{5683749F-D2C5-3D8E-90CC-E576B8178D3A} = {5683749F-D2C5-3D8E-90CC-E576B8178D3A}
	EndProjectSection
EndProject
Project("{8BC9CEB8-8B4A-11D0-8D11-00A0C91BC942}") = "module", "module.vcxproj", "{A55F80EF-071C-3042-A4E4-C1BB39F4C4EC}"
	ProjectSection(ProjectDependencies) = postProject
		{64ACC5E5-E107-37F6-A0FA-0DA530F18A53} = {64ACC5E5-E107-37F6-A0FA-0DA530F18A53}
	EndProjectSection
EndProject
Global
	GlobalSection(SolutionConfigurationPlatforms) = preSolution
		Debug|x64 = Debug|x64
		Release|x64 = Release|x64
		MinSizeRel|x64 = MinSizeRel|x64
		RelWithDebInfo|x64 = RelWithDebInfo|x64
	EndGlobalSection
	GlobalSection(ProjectConfigurationPlatforms) = postSolution
		{7FEA6A7D-F2A3-3515-8544-3B73A98A5303}.Debug|x64.ActiveCfg = Debug|x64
		{7FEA6A7D-F2A3-3515-8544-3B73A98A5303}.Release|x64.ActiveCfg = Release|x64
		{7FEA6A7D-F2A3-3515-8544-3B73A98A5303}.MinSizeRel|x64.ActiveCfg = MinSizeRel|x64
		{7FEA6A7D-F2A3-3515-8544-3B73A98A5303}.RelWithDebInfo|x64.ActiveCfg = RelWithDebInfo|x64
		{64ACC5E5-E107-37F6-A0FA-0DA530F18A53}.Debug|x64.ActiveCfg = Debug|x64
		{64ACC5E5-E107-37F6-A0FA-0DA530F18A53}.Debug|x64.Build.0 = Debug|x64
		{64ACC5E5-E107-37F6-A0FA-0DA530F18A53}.Release|x64.ActiveCfg = Release|x64
		{64ACC5E5-E107-37F6-A0FA-0DA530F18A53}.Release|x64.Build.0 = Release|x64
		{64ACC5E5-E107-37F6-A0FA-0DA530F18A53}.MinSizeRel|x64.ActiveCfg = MinSizeRel|x64
		{64ACC5E5-E107-37F6-A0FA-0DA530F18A53}.MinSizeRel|x64.Build.0 = MinSizeRel|x64
		{64ACC5E5-E107-37F6-A0FA-0DA530F18A53}.RelWithDebInfo|x64.ActiveCfg = RelWithDebInfo|x64
		{64ACC5E5-E107-37F6-A0FA-0DA530F18A53}.RelWithDebInfo|x64.Build.0 = RelWithDebInfo|x64
		{5683749F-D2C5-3D8E-90CC-E576B8178D3A}.Debug|x64.ActiveCfg = Debug|x64
		{5683749F-D2C5-3D8E-90CC-E576B8178D3A}.Debug|x64.Build.0 = Debug|x64
		{5683749F-D2C5-3D8E-90CC-E576B8178D3A}.Release|x64.ActiveCfg = Release|x64
		{5683749F-D2C5-3D8E-90CC-E576B8178D3A}.Release|x64.Build.0 = Release|x64
		{5683749F-D2C5-3D8E-90CC-E576B8178D3A}.MinSizeRel|x64.ActiveCfg = MinSizeRel|x64
		{5683749F-D2C5-3D8E-90CC-E576B8178D3A}.MinSizeRel|x64.Build.0 = MinSizeRel|x64
		{5683749F-D2C5-3D8E-90CC-E576B8178D3A}.RelWithDebInfo|x64.ActiveCfg = RelWithDebInfo|x64
		{5683749F-D2C5-3D8E-90CC-E576B8178D3A}.RelWithDebInfo|x64.Build.0 = RelWithDebInfo|x64
		{0E47443C-528A-3E39-BD4B-F797DEAA89F2}.Debug|x64.ActiveCfg = Debug|x64
		{0E47443C-528A-3E39-BD4B-F797DEAA89F2}.Debug|x64.Build.0 = Debug|x64
		{0E47443C-528A-3E39-BD4B-F797DEAA89F2}.Release|x64.ActiveCfg = Release|x64
		{0E47443C-528A-3E39-BD4B-F797DEAA89F2}.Release|x64.Build.0 = Release|x64
		{0E47443C-528A-3E39-BD4B-F797DEAA89F2}.MinSizeRel|x64.ActiveCfg = MinSizeRel|x64
		{0E47443C-528A-3E39-BD4B-F797DEAA89F2}.MinSizeRel|x64.Build.0 = MinSizeRel|x64
		{0E47443C-528A-3E39-BD4B-F797DEAA89F2}.RelWithDebInfo|x64.ActiveCfg = RelWithDebInfo|x64
		{0E47443C-528A-3E39-BD4B-F797DEAA89F2}.RelWithDebInfo|x64.Build.0 = RelWithDebInfo|x64
		{A55F80EF-071C-3042-A4E4-C1BB39F4C4EC}.Debug|x64.ActiveCfg = Debug|x64
		{A55F80EF-071C-3042-A4E4-C1BB39F4C4EC}.Release|x64.ActiveCfg = Release|x64
		{A55F80EF-071C-3042-A4E4-C1BB39F4C4EC}.MinSizeRel|x64.ActiveCfg = MinSizeRel|x64
		{A55F80EF-071C-3042-A4E4-C1BB39F4C4EC}.RelWithDebInfo|x64.ActiveCfg = RelWithDebInfo|x64
	EndGlobalSection
	GlobalSection(ExtensibilityGlobals) = postSolution
		SolutionGuid = {BD87B250-8137-3CA8-80E0-0614A852F12C}
	EndGlobalSection
	GlobalSection(ExtensibilityAddIns) = postSolution
	EndGlobalSection
EndGlobal
